lockfileVersion: '9.0'

settings:
  autoInstallPeers: true
  excludeLinksFromLockfile: false
  injectWorkspacePackages: true

importers:

  .:
    devDependencies:
      '@tsconfig/node22':
        specifier: ^22.0.2
        version: 22.0.2
      '@types/node':
        specifier: ^24.0.1
        version: 24.0.1
      oxlint:
        specifier: ^1.1.0
        version: 1.1.0
      prettier:
        specifier: ^3.5.3
        version: 3.5.3

packages:

  '@oxlint/darwin-arm64@1.1.0':
    resolution: {integrity: sha512-sSnR3SOxIU/QfaqXrcQ0UVUkzJO0bcInQ7dMhHa102gVAgWjp1fBeMVCM0adEY0UNmEXrRkgD/rQtQgn9YAU+w==}
    cpu: [arm64]
    os: [darwin]

  '@oxlint/darwin-x64@1.1.0':
    resolution: {integrity: sha512-Jvd3fHnzY2OYbmsg9NSGPoBkGViDGHSFnBKyJQ9LOIw7lxAyQBG2Quxc3GYPFR/f9OYho9C3p4+dIaAJfKhnsw==}
    cpu: [x64]
    os: [darwin]

  '@oxlint/linux-arm64-gnu@1.1.0':
    resolution: {integrity: sha512-MgW4iskOdXuoR+wDXIJUfbdnTg2eo2FnQRaD6ZqhnDTDa7LnV+06rp/Cg3aGj2X9jSEcKDv/bMbYQuot7WRs6Q==}
    cpu: [arm64]
    os: [linux]

  '@oxlint/linux-arm64-musl@1.1.0':
    resolution: {integrity: sha512-a+pkEKmDRdrW+y0gtZ/m68ElVW2VZgATGbMxDgDYFpdiMx9Y0pUPwTMZ2EX/17Aslop4c1BiDSFDK7aEBxKR2g==}
    cpu: [arm64]
    os: [linux]

  '@oxlint/linux-x64-gnu@1.1.0':
    resolution: {integrity: sha512-wNBsXCKVZMvUTcFitrV1wTsdhUAv8l+XQxHxciZ2SO6dpNnWEb2YCxSAIOXeyzBLdO4pIODYcSy38CvGue7TwA==}
    cpu: [x64]
    os: [linux]

  '@oxlint/linux-x64-musl@1.1.0':
    resolution: {integrity: sha512-pZD0lt6A5j2Wp70fgIYk4GoPfKTZ8mHWamWIpKFT7aSkFkiOi6nhLWDFvMEIHWRTK3LgkWUNcnWPp4brvin4wQ==}
    cpu: [x64]
    os: [linux]

  '@oxlint/win32-arm64@1.1.0':
    resolution: {integrity: sha512-rT6uXQvE80+B+L04HJf30uF26426FPI9i9DAY2AxBUhrpNwhqkDEhQdd9ilFWVC7SSbpHgAs50lo+ImSAAkHPQ==}
    cpu: [arm64]
    os: [win32]

  '@oxlint/win32-x64@1.1.0':
    resolution: {integrity: sha512-x6r5yvM3wEty93Bx0NuNK+kutUyS/K55itkUrxdExoK6GcmVDboGGuhju9HyU2cM/IWLEWO8RHcXSyaxr9GR5g==}
    cpu: [x64]
    os: [win32]

  '@tsconfig/node22@22.0.2':
    resolution: {integrity: sha512-Kmwj4u8sDRDrMYRoN9FDEcXD8UpBSaPQQ24Gz+Gamqfm7xxn+GBR7ge/Z7pK8OXNGyUzbSwJj+TH6B+DS/epyA==}

  '@types/node@24.0.1':
    resolution: {integrity: sha512-MX4Zioh39chHlDJbKmEgydJDS3tspMP/lnQC67G3SWsTnb9NeYVWOjkxpOSy4oMfPs4StcWHwBrvUb4ybfnuaw==}

  oxlint@1.1.0:
    resolution: {integrity: sha512-OVNpaoaQCUHHhCv5sYMPJ7Ts5k7ziw0QteH1gBSwF3elf/8GAew2Uh/0S7HsU1iGtjhlFy80+A8nwIb3Tq6m1w==}
    engines: {node: '>=8.*'}
    hasBin: true

  prettier@3.5.3:
    resolution: {integrity: sha512-QQtaxnoDJeAkDvDKWCLiwIXkTgRhwYDEQCghU9Z6q03iyek/rxRh/2lC3HB7P8sWT2xC/y5JDctPLBIGzHKbhw==}
    engines: {node: '>=14'}
    hasBin: true

  undici-types@7.8.0:
    resolution: {integrity: sha512-9UJ2xGDvQ43tYyVMpuHlsgApydB8ZKfVYTsLDhXkFL/6gfkp+U8xTGdh8pMJv1SpZna0zxG1DwsKZsreLbXBxw==}

snapshots:

  '@oxlint/darwin-arm64@1.1.0':
    optional: true

  '@oxlint/darwin-x64@1.1.0':
    optional: true

  '@oxlint/linux-arm64-gnu@1.1.0':
    optional: true

  '@oxlint/linux-arm64-musl@1.1.0':
    optional: true

  '@oxlint/linux-x64-gnu@1.1.0':
    optional: true

  '@oxlint/linux-x64-musl@1.1.0':
    optional: true

  '@oxlint/win32-arm64@1.1.0':
    optional: true

  '@oxlint/win32-x64@1.1.0':
    optional: true

  '@tsconfig/node22@22.0.2': {}

  '@types/node@24.0.1':
    dependencies:
      undici-types: 7.8.0

  oxlint@1.1.0:
    optionalDependencies:
      '@oxlint/darwin-arm64': 1.1.0
      '@oxlint/darwin-x64': 1.1.0
      '@oxlint/linux-arm64-gnu': 1.1.0
      '@oxlint/linux-arm64-musl': 1.1.0
      '@oxlint/linux-x64-gnu': 1.1.0
      '@oxlint/linux-x64-musl': 1.1.0
      '@oxlint/win32-arm64': 1.1.0
      '@oxlint/win32-x64': 1.1.0

  prettier@3.5.3: {}

  undici-types@7.8.0: {}
