lockfileVersion: '9.0'

settings:
  autoInstallPeers: true
  excludeLinksFromLockfile: false
  injectWorkspacePackages: true

importers:

  .:
    dependencies:
      '@swc/core':
        specifier: ^1.12.1
        version: 1.12.1
      lilconfig:
        specifier: ^3.1.3
        version: 3.1.3
    devDependencies:
      '@tsconfig/node22':
        specifier: ^22.0.2
        version: 22.0.2
      '@types/node':
        specifier: ^24.0.1
        version: 24.0.1
      oxlint:
        specifier: ^1.1.0
        version: 1.1.0
      prettier:
        specifier: ^3.5.3
        version: 3.5.3

packages:

  '@oxlint/darwin-arm64@1.1.0':
    resolution: {integrity: sha512-sSnR3SOxIU/QfaqXrcQ0UVUkzJO0bcInQ7dMhHa102gVAgWjp1fBeMVCM0adEY0UNmEXrRkgD/rQtQgn9YAU+w==}
    cpu: [arm64]
    os: [darwin]

  '@oxlint/darwin-x64@1.1.0':
    resolution: {integrity: sha512-Jvd3fHnzY2OYbmsg9NSGPoBkGViDGHSFnBKyJQ9LOIw7lxAyQBG2Quxc3GYPFR/f9OYho9C3p4+dIaAJfKhnsw==}
    cpu: [x64]
    os: [darwin]

  '@oxlint/linux-arm64-gnu@1.1.0':
    resolution: {integrity: sha512-MgW4iskOdXuoR+wDXIJUfbdnTg2eo2FnQRaD6ZqhnDTDa7LnV+06rp/Cg3aGj2X9jSEcKDv/bMbYQuot7WRs6Q==}
    cpu: [arm64]
    os: [linux]

  '@oxlint/linux-arm64-musl@1.1.0':
    resolution: {integrity: sha512-a+pkEKmDRdrW+y0gtZ/m68ElVW2VZgATGbMxDgDYFpdiMx9Y0pUPwTMZ2EX/17Aslop4c1BiDSFDK7aEBxKR2g==}
    cpu: [arm64]
    os: [linux]

  '@oxlint/linux-x64-gnu@1.1.0':
    resolution: {integrity: sha512-wNBsXCKVZMvUTcFitrV1wTsdhUAv8l+XQxHxciZ2SO6dpNnWEb2YCxSAIOXeyzBLdO4pIODYcSy38CvGue7TwA==}
    cpu: [x64]
    os: [linux]

  '@oxlint/linux-x64-musl@1.1.0':
    resolution: {integrity: sha512-pZD0lt6A5j2Wp70fgIYk4GoPfKTZ8mHWamWIpKFT7aSkFkiOi6nhLWDFvMEIHWRTK3LgkWUNcnWPp4brvin4wQ==}
    cpu: [x64]
    os: [linux]

  '@oxlint/win32-arm64@1.1.0':
    resolution: {integrity: sha512-rT6uXQvE80+B+L04HJf30uF26426FPI9i9DAY2AxBUhrpNwhqkDEhQdd9ilFWVC7SSbpHgAs50lo+ImSAAkHPQ==}
    cpu: [arm64]
    os: [win32]

  '@oxlint/win32-x64@1.1.0':
    resolution: {integrity: sha512-x6r5yvM3wEty93Bx0NuNK+kutUyS/K55itkUrxdExoK6GcmVDboGGuhju9HyU2cM/IWLEWO8RHcXSyaxr9GR5g==}
    cpu: [x64]
    os: [win32]

  '@swc/core-darwin-arm64@1.12.1':
    resolution: {integrity: sha512-nUjWVcJ3YS2N40ZbKwYO2RJ4+o2tWYRzNOcIQp05FqW0+aoUCVMdAUUzQinPDynfgwVshDAXCKemY8X7nN5MaA==}
    engines: {node: '>=10'}
    cpu: [arm64]
    os: [darwin]

  '@swc/core-darwin-x64@1.12.1':
    resolution: {integrity: sha512-OGm4a4d3OeJn+tRt8H/eiHgTFrJbS6r8mi/Ob65tAEXZGHN900T2kR7c5ALr0V2hBOQ8BfhexwPoQlGQP/B95w==}
    engines: {node: '>=10'}
    cpu: [x64]
    os: [darwin]

  '@swc/core-linux-arm-gnueabihf@1.12.1':
    resolution: {integrity: sha512-76YeeQKyK0EtNkQiNBZ0nbVGooPf9IucY0WqVXVpaU4wuG7ZyLEE2ZAIgXafIuzODGQoLfetue7I8boMxh1/MA==}
    engines: {node: '>=10'}
    cpu: [arm]
    os: [linux]

  '@swc/core-linux-arm64-gnu@1.12.1':
    resolution: {integrity: sha512-BxJDIJPq1+aCh9UsaSAN6wo3tuln8UhNXruOrzTI8/ElIig/3sAueDM6Eq7GvZSGGSA7ljhNATMJ0elD7lFatQ==}
    engines: {node: '>=10'}
    cpu: [arm64]
    os: [linux]

  '@swc/core-linux-arm64-musl@1.12.1':
    resolution: {integrity: sha512-NhLdbffSXvY0/FwUSAl4hKBlpe5GHQGXK8DxTo3HHjLsD9sCPYieo3vG0NQoUYAy4ZUY1WeGjyxeq4qZddJzEQ==}
    engines: {node: '>=10'}
    cpu: [arm64]
    os: [linux]

  '@swc/core-linux-x64-gnu@1.12.1':
    resolution: {integrity: sha512-CrYnV8SZIgArQ9LKH0xEF95PKXzX9WkRSc5j55arOSBeDCeDUQk1Bg/iKdnDiuj5HC1hZpvzwMzSBJjv+Z70jA==}
    engines: {node: '>=10'}
    cpu: [x64]
    os: [linux]

  '@swc/core-linux-x64-musl@1.12.1':
    resolution: {integrity: sha512-BQMl3d0HaGB0/h2xcKlGtjk/cGRn2tnbsaChAKcjFdCepblKBCz1pgO/mL7w5iXq3s57wMDUn++71/a5RAkZOA==}
    engines: {node: '>=10'}
    cpu: [x64]
    os: [linux]

  '@swc/core-win32-arm64-msvc@1.12.1':
    resolution: {integrity: sha512-b7NeGnpqTfmIGtUqXBl0KqoSmOnH64nRZoT5l4BAGdvwY7nxitWR94CqZuwyLPty/bLywmyDA9uO12Kvgb3+gg==}
    engines: {node: '>=10'}
    cpu: [arm64]
    os: [win32]

  '@swc/core-win32-ia32-msvc@1.12.1':
    resolution: {integrity: sha512-iU/29X2D7cHBp1to62cUg/5Xk8K+lyOJiKIGGW5rdzTW/c2zz3d/ehgpzVP/rqC4NVr88MXspqHU4il5gmDajw==}
    engines: {node: '>=10'}
    cpu: [ia32]
    os: [win32]

  '@swc/core-win32-x64-msvc@1.12.1':
    resolution: {integrity: sha512-+Zh+JKDwiFqV5N9yAd2DhYVGPORGh9cfenu1ptr9yge+eHAf7vZJcC3rnj6QMR1QJh0Y5VC9+YBjRFjZVA7XDw==}
    engines: {node: '>=10'}
    cpu: [x64]
    os: [win32]

  '@swc/core@1.12.1':
    resolution: {integrity: sha512-aKXdDTqxTVFl/bKQZ3EQUjEMBEoF6JBv29moMZq0kbVO43na6u/u+3Vcbhbrh+A2N0X5OL4RaveuWfAjEgOmeA==}
    engines: {node: '>=10'}
    peerDependencies:
      '@swc/helpers': '>=0.5.17'
    peerDependenciesMeta:
      '@swc/helpers':
        optional: true

  '@swc/counter@0.1.3':
    resolution: {integrity: sha512-e2BR4lsJkkRlKZ/qCHPw9ZaSxc0MVUd7gtbtaB7aMvHeJVYe8sOB8DBZkP2DtISHGSku9sCK6T6cnY0CtXrOCQ==}

  '@swc/types@0.1.23':
    resolution: {integrity: sha512-u1iIVZV9Q0jxY+yM2vw/hZGDNudsN85bBpTqzAQ9rzkxW9D+e3aEM4Han+ow518gSewkXgjmEK0BD79ZcNVgPw==}

  '@tsconfig/node22@22.0.2':
    resolution: {integrity: sha512-Kmwj4u8sDRDrMYRoN9FDEcXD8UpBSaPQQ24Gz+Gamqfm7xxn+GBR7ge/Z7pK8OXNGyUzbSwJj+TH6B+DS/epyA==}

  '@types/node@24.0.1':
    resolution: {integrity: sha512-MX4Zioh39chHlDJbKmEgydJDS3tspMP/lnQC67G3SWsTnb9NeYVWOjkxpOSy4oMfPs4StcWHwBrvUb4ybfnuaw==}

  lilconfig@3.1.3:
    resolution: {integrity: sha512-/vlFKAoH5Cgt3Ie+JLhRbwOsCQePABiU3tJ1egGvyQ+33R/vcwM2Zl2QR/LzjsBeItPt3oSVXapn+m4nQDvpzw==}
    engines: {node: '>=14'}

  oxlint@1.1.0:
    resolution: {integrity: sha512-OVNpaoaQCUHHhCv5sYMPJ7Ts5k7ziw0QteH1gBSwF3elf/8GAew2Uh/0S7HsU1iGtjhlFy80+A8nwIb3Tq6m1w==}
    engines: {node: '>=8.*'}
    hasBin: true

  prettier@3.5.3:
    resolution: {integrity: sha512-QQtaxnoDJeAkDvDKWCLiwIXkTgRhwYDEQCghU9Z6q03iyek/rxRh/2lC3HB7P8sWT2xC/y5JDctPLBIGzHKbhw==}
    engines: {node: '>=14'}
    hasBin: true

  undici-types@7.8.0:
    resolution: {integrity: sha512-9UJ2xGDvQ43tYyVMpuHlsgApydB8ZKfVYTsLDhXkFL/6gfkp+U8xTGdh8pMJv1SpZna0zxG1DwsKZsreLbXBxw==}

snapshots:

  '@oxlint/darwin-arm64@1.1.0':
    optional: true

  '@oxlint/darwin-x64@1.1.0':
    optional: true

  '@oxlint/linux-arm64-gnu@1.1.0':
    optional: true

  '@oxlint/linux-arm64-musl@1.1.0':
    optional: true

  '@oxlint/linux-x64-gnu@1.1.0':
    optional: true

  '@oxlint/linux-x64-musl@1.1.0':
    optional: true

  '@oxlint/win32-arm64@1.1.0':
    optional: true

  '@oxlint/win32-x64@1.1.0':
    optional: true

  '@swc/core-darwin-arm64@1.12.1':
    optional: true

  '@swc/core-darwin-x64@1.12.1':
    optional: true

  '@swc/core-linux-arm-gnueabihf@1.12.1':
    optional: true

  '@swc/core-linux-arm64-gnu@1.12.1':
    optional: true

  '@swc/core-linux-arm64-musl@1.12.1':
    optional: true

  '@swc/core-linux-x64-gnu@1.12.1':
    optional: true

  '@swc/core-linux-x64-musl@1.12.1':
    optional: true

  '@swc/core-win32-arm64-msvc@1.12.1':
    optional: true

  '@swc/core-win32-ia32-msvc@1.12.1':
    optional: true

  '@swc/core-win32-x64-msvc@1.12.1':
    optional: true

  '@swc/core@1.12.1':
    dependencies:
      '@swc/counter': 0.1.3
      '@swc/types': 0.1.23
    optionalDependencies:
      '@swc/core-darwin-arm64': 1.12.1
      '@swc/core-darwin-x64': 1.12.1
      '@swc/core-linux-arm-gnueabihf': 1.12.1
      '@swc/core-linux-arm64-gnu': 1.12.1
      '@swc/core-linux-arm64-musl': 1.12.1
      '@swc/core-linux-x64-gnu': 1.12.1
      '@swc/core-linux-x64-musl': 1.12.1
      '@swc/core-win32-arm64-msvc': 1.12.1
      '@swc/core-win32-ia32-msvc': 1.12.1
      '@swc/core-win32-x64-msvc': 1.12.1

  '@swc/counter@0.1.3': {}

  '@swc/types@0.1.23':
    dependencies:
      '@swc/counter': 0.1.3

  '@tsconfig/node22@22.0.2': {}

  '@types/node@24.0.1':
    dependencies:
      undici-types: 7.8.0

  lilconfig@3.1.3: {}

  oxlint@1.1.0:
    optionalDependencies:
      '@oxlint/darwin-arm64': 1.1.0
      '@oxlint/darwin-x64': 1.1.0
      '@oxlint/linux-arm64-gnu': 1.1.0
      '@oxlint/linux-arm64-musl': 1.1.0
      '@oxlint/linux-x64-gnu': 1.1.0
      '@oxlint/linux-x64-musl': 1.1.0
      '@oxlint/win32-arm64': 1.1.0
      '@oxlint/win32-x64': 1.1.0

  prettier@3.5.3: {}

  undici-types@7.8.0: {}
